
Microsoft Visual Studio Solution File, Format Version 12.00
# Visual Studio Version 17
VisualStudioVersion = 17.5.002.0
MinimumVisualStudioVersion = 10.0.40219.1
Project("{9A19103F-16F7-4668-BE54-9A1E7A4F7556}") = "ConversorRomanos", "ConversorRomanos.csproj", "{D44F7C7C-531E-48D6-A772-97D4607E3C64}"
EndProject
Project("{FAE04EC0-301F-11D3-BF4B-00C04F79EFBC}") = "ConversorTestes", "..\ConversorTestes\ConversorTestes.csproj", "{C600A7CE-406F-4AAF-A884-2FC4B67C1291}"
EndProject
Global
	GlobalSection(SolutionConfigurationPlatforms) = preSolution
		Debug|Any CPU = Debug|Any CPU
		Release|Any CPU = Release|Any CPU
	EndGlobalSection
	GlobalSection(ProjectConfigurationPlatforms) = postSolution
		{D44F7C7C-531E-48D6-A772-97D4607E3C64}.Debug|Any CPU.ActiveCfg = Debug|Any CPU
		{D44F7C7C-531E-48D6-A772-97D4607E3C64}.Debug|Any CPU.Build.0 = Debug|Any CPU
		{D44F7C7C-531E-48D6-A772-97D4607E3C64}.Release|Any CPU.ActiveCfg = Release|Any CPU
		{D44F7C7C-531E-48D6-A772-97D4607E3C64}.Release|Any CPU.Build.0 = Release|Any CPU
		{C600A7CE-406F-4AAF-A884-2FC4B67C1291}.Debug|Any CPU.ActiveCfg = Debug|Any CPU
		{C600A7CE-406F-4AAF-A884-2FC4B67C1291}.Debug|Any CPU.Build.0 = Debug|Any CPU
		{C600A7CE-406F-4AAF-A884-2FC4B67C1291}.Release|Any CPU.ActiveCfg = Release|Any CPU
		{C600A7CE-406F-4AAF-A884-2FC4B67C1291}.Release|Any CPU.Build.0 = Release|Any CPU
	EndGlobalSection
	GlobalSection(SolutionProperties) = preSolution
		HideSolutionNode = FALSE
	EndGlobalSection
	GlobalSection(ExtensibilityGlobals) = postSolution
		SolutionGuid = {385C9D42-121C-4C64-A241-63130A122CB1}
	EndGlobalSection
EndGlobal
